
Microsoft Visual Studio Solution File, Format Version 12.00
# 
Project("{FAE04EC0-301F-11D3-BF4B-00C04F79EFBC}") = "Core", "Core\Core.csproj", "{98FCF025-7097-48E5-A773-B5D031E38505}"
EndProject
Project("{FAE04EC0-301F-11D3-BF4B-00C04F79EFBC}") = "Core.Test", "Core.Test\Core.Test.csproj", "{147B2B1A-E3F6-4035-AF10-AEE6B964DC25}"
EndProject
Global
	GlobalSection(SolutionConfigurationPlatforms) = preSolution
		Debug|Any CPU = Debug|Any CPU
		Release|Any CPU = Release|Any CPU
	EndGlobalSection
	GlobalSection(ProjectConfigurationPlatforms) = postSolution
		{98FCF025-7097-48E5-A773-B5D031E38505}.Debug|Any CPU.ActiveCfg = Debug|Any CPU
		{98FCF025-7097-48E5-A773-B5D031E38505}.Debug|Any CPU.Build.0 = Debug|Any CPU
		{98FCF025-7097-48E5-A773-B5D031E38505}.Release|Any CPU.ActiveCfg = Release|Any CPU
		{98FCF025-7097-48E5-A773-B5D031E38505}.Release|Any CPU.Build.0 = Release|Any CPU
		{147B2B1A-E3F6-4035-AF10-AEE6B964DC25}.Debug|Any CPU.ActiveCfg = Debug|Any CPU
		{147B2B1A-E3F6-4035-AF10-AEE6B964DC25}.Debug|Any CPU.Build.0 = Debug|Any CPU
		{147B2B1A-E3F6-4035-AF10-AEE6B964DC25}.Release|Any CPU.ActiveCfg = Release|Any CPU
		{147B2B1A-E3F6-4035-AF10-AEE6B964DC25}.Release|Any CPU.Build.0 = Release|Any CPU
	EndGlobalSection
EndGlobal
